
Microsoft Visual Studio Solution File, Format Version 12.00
# Visual Studio Version 16
VisualStudioVersion = 16.0.33423.256
MinimumVisualStudioVersion = 10.0.40219.1
Project("{FAE04EC0-301F-11D3-BF4B-00C04F79EFBC}") = "Exercicio_01", "Exercicio_01\Exercicio_01.csproj", "{FED49CA0-8179-41E7-96F7-2DCBE3726672}"
EndProject
Global
	GlobalSection(SolutionConfigurationPlatforms) = preSolution
		Debug|Any CPU = Debug|Any CPU
		Release|Any CPU = Release|Any CPU
	EndGlobalSection
	GlobalSection(ProjectConfigurationPlatforms) = postSolution
		{FED49CA0-8179-41E7-96F7-2DCBE3726672}.Debug|Any CPU.ActiveCfg = Debug|Any CPU
		{FED49CA0-8179-41E7-96F7-2DCBE3726672}.Debug|Any CPU.Build.0 = Debug|Any CPU
		{FED49CA0-8179-41E7-96F7-2DCBE3726672}.Release|Any CPU.ActiveCfg = Release|Any CPU
		{FED49CA0-8179-41E7-96F7-2DCBE3726672}.Release|Any CPU.Build.0 = Release|Any CPU
	EndGlobalSection
	GlobalSection(SolutionProperties) = preSolution
		HideSolutionNode = FALSE
	EndGlobalSection
	GlobalSection(ExtensibilityGlobals) = postSolution
		SolutionGuid = {38A56E17-7776-4AFD-A291-D261EA52F5C7}
	EndGlobalSection
EndGlobal
