
Microsoft Visual Studio Solution File, Format Version 12.00
# Visual Studio Version 16
VisualStudioVersion = 16.0.33529.622
MinimumVisualStudioVersion = 10.0.40219.1
Project("{FAE04EC0-301F-11D3-BF4B-00C04F79EFBC}") = "Exercicio_07", "Exercicio_07\Exercicio_07.csproj", "{6E802667-9030-4622-BDF9-8629CC375AE6}"
EndProject
Global
	GlobalSection(SolutionConfigurationPlatforms) = preSolution
		Debug|Any CPU = Debug|Any CPU
		Release|Any CPU = Release|Any CPU
	EndGlobalSection
	GlobalSection(ProjectConfigurationPlatforms) = postSolution
		{6E802667-9030-4622-BDF9-8629CC375AE6}.Debug|Any CPU.ActiveCfg = Debug|Any CPU
		{6E802667-9030-4622-BDF9-8629CC375AE6}.Debug|Any CPU.Build.0 = Debug|Any CPU
		{6E802667-9030-4622-BDF9-8629CC375AE6}.Release|Any CPU.ActiveCfg = Release|Any CPU
		{6E802667-9030-4622-BDF9-8629CC375AE6}.Release|Any CPU.Build.0 = Release|Any CPU
	EndGlobalSection
	GlobalSection(SolutionProperties) = preSolution
		HideSolutionNode = FALSE
	EndGlobalSection
	GlobalSection(ExtensibilityGlobals) = postSolution
		SolutionGuid = {360163BD-274F-4867-A835-59A78DE4C829}
	EndGlobalSection
EndGlobal
